
Microsoft Visual Studio Solution File, Format Version 12.00
# Visual Studio Version 16
VisualStudioVersion = 16.0.31515.178
MinimumVisualStudioVersion = 10.0.40219.1
Project("{FAE04EC0-301F-11D3-BF4B-00C04F79EFBC}") = "FullscreenUtility", "FullscreenUtility\FullscreenUtility.csproj", "{8FDBAB27-1BD4-4670-AEF0-8E1198DCC557}"
EndProject
Global
	GlobalSection(SolutionConfigurationPlatforms) = preSolution
		Debug|Any CPU = Debug|Any CPU
		Release|Any CPU = Release|Any CPU
	EndGlobalSection
	GlobalSection(ProjectConfigurationPlatforms) = postSolution
		{8FDBAB27-1BD4-4670-AEF0-8E1198DCC557}.Debug|Any CPU.ActiveCfg = Debug|Any CPU
		{8FDBAB27-1BD4-4670-AEF0-8E1198DCC557}.Debug|Any CPU.Build.0 = Debug|Any CPU
		{8FDBAB27-1BD4-4670-AEF0-8E1198DCC557}.Release|Any CPU.ActiveCfg = Release|Any CPU
		{8FDBAB27-1BD4-4670-AEF0-8E1198DCC557}.Release|Any CPU.Build.0 = Release|Any CPU
	EndGlobalSection
	GlobalSection(SolutionProperties) = preSolution
		HideSolutionNode = FALSE
	EndGlobalSection
	GlobalSection(ExtensibilityGlobals) = postSolution
		SolutionGuid = {2B080517-7997-4311-9B72-29CC5D934842}
	EndGlobalSection
EndGlobal
